
Microsoft Visual Studio Solution File, Format Version 11.00
# Visual Studio 2010
# SharpDevelop 4.2.0.8649-Beta 2
Project("{2150E333-8FDC-42A3-9474-1A3956D46DE8}") = "build", "build", "{C8D2C6A3-C13C-461D-BAC9-09F56AA1091F}"
	ProjectSection(SolutionItems) = postProject
		build.proj = build.proj
		build.bat = build.bat
	EndProjectSection
EndProject
Project("{FAE04EC0-301F-11D3-BF4B-00C04F79EFBC}") = "SharpDevelop.Locator.Addin", "SharpDevelop.Locator.Addin\SharpDevelop.Locator.Addin.csproj", "{A2D44C3F-7363-4B74-B9B3-0F6F2DAE8F7B}"
EndProject
Global
	GlobalSection(SolutionConfigurationPlatforms) = preSolution
		Debug|x86 = Debug|x86
		Release|x86 = Release|x86
	EndGlobalSection
	GlobalSection(ProjectConfigurationPlatforms) = postSolution
		{A2D44C3F-7363-4B74-B9B3-0F6F2DAE8F7B}.Debug|x86.Build.0 = Debug|x86
		{A2D44C3F-7363-4B74-B9B3-0F6F2DAE8F7B}.Debug|x86.ActiveCfg = Debug|Any CPU
		{A2D44C3F-7363-4B74-B9B3-0F6F2DAE8F7B}.Release|x86.Build.0 = Release|x86
		{A2D44C3F-7363-4B74-B9B3-0F6F2DAE8F7B}.Release|x86.ActiveCfg = Release|Any CPU
	EndGlobalSection
EndGlobal
